
Microsoft Visual Studio Solution File, Format Version 12.00
# Visual Studio 15
VisualStudioVersion = 15.0.27428.2027
MinimumVisualStudioVersion = 10.0.40219.1
Project("{9A19103F-16F7-4668-BE54-9A1E7A4F7556}") = "BethanysPieShop.API", "BethanysPieShop.API.csproj", "{CDA1DCD5-DCD4-4678-A5AD-08B8904FB0D0}"
EndProject
Global
	GlobalSection(SolutionConfigurationPlatforms) = preSolution
		Debug|Any CPU = Debug|Any CPU
		Release|Any CPU = Release|Any CPU
	EndGlobalSection
	GlobalSection(ProjectConfigurationPlatforms) = postSolution
		{CDA1DCD5-DCD4-4678-A5AD-08B8904FB0D0}.Debug|Any CPU.ActiveCfg = Debug|Any CPU
		{CDA1DCD5-DCD4-4678-A5AD-08B8904FB0D0}.Debug|Any CPU.Build.0 = Debug|Any CPU
		{CDA1DCD5-DCD4-4678-A5AD-08B8904FB0D0}.Release|Any CPU.ActiveCfg = Release|Any CPU
		{CDA1DCD5-DCD4-4678-A5AD-08B8904FB0D0}.Release|Any CPU.Build.0 = Release|Any CPU
	EndGlobalSection
	GlobalSection(SolutionProperties) = preSolution
		HideSolutionNode = FALSE
	EndGlobalSection
	GlobalSection(ExtensibilityGlobals) = postSolution
		SolutionGuid = {09645DE1-3FF4-4C95-B51A-6B9E3E9B7FFA}
	EndGlobalSection
EndGlobal
