
Microsoft Visual Studio Solution File, Format Version 12.00
# Visual Studio 15
VisualStudioVersion = 15.0.27428.2011
MinimumVisualStudioVersion = 10.0.40219.1
Project("{2150E333-8FDC-42A3-9474-1A3956D46DE8}") = "API", "API", "{3F027BA0-8F34-41F4-9852-85CA818C8EEB}"
EndProject
Project("{2150E333-8FDC-42A3-9474-1A3956D46DE8}") = "MobileApps", "MobileApps", "{3EF09D23-260A-4A00-A74C-FDAD7B57F753}"
EndProject
Project("{9A19103F-16F7-4668-BE54-9A1E7A4F7556}") = "BethanysPieShop.API", "BethanysPieShop.API\BethanysPieShop.API.csproj", "{EF5CFD08-FAB4-4819-9E68-33CB22F63826}"
EndProject
Project("{FAE04EC0-301F-11D3-BF4B-00C04F79EFBC}") = "BethanysPieShop.Mobile.Android", "BethanysPieShop.Mobile\BethanysPieShop.Mobile.Android\BethanysPieShop.Mobile.Android.csproj", "{F149A65C-34A0-4380-9630-3FD066A0A3AA}"
EndProject
Project("{FAE04EC0-301F-11D3-BF4B-00C04F79EFBC}") = "BethanysPieShop.Mobile.iOS", "BethanysPieShop.Mobile\BethanysPieShop.Mobile.iOS\BethanysPieShop.Mobile.iOS.csproj", "{B3CA318E-2913-46AE-A99B-A158EC086888}"
EndProject
Project("{FAE04EC0-301F-11D3-BF4B-00C04F79EFBC}") = "BethanysPieShop.Mobile.UWP", "BethanysPieShop.Mobile\BethanysPieShop.Mobile.UWP\BethanysPieShop.Mobile.UWP.csproj", "{902EC937-B35F-438C-8724-3D771244782E}"
EndProject
Project("{9A19103F-16F7-4668-BE54-9A1E7A4F7556}") = "BethanysPieShop.Mobile.Core", "BethanysPieShop.Mobile\BethanysPieShop.Mobile\BethanysPieShop.Mobile.Core.csproj", "{6FE48C08-EA99-4B8E-B1F7-892C339CF1DF}"
EndProject
Global
	GlobalSection(SolutionConfigurationPlatforms) = preSolution
		Ad-Hoc|Any CPU = Ad-Hoc|Any CPU
		Ad-Hoc|ARM = Ad-Hoc|ARM
		Ad-Hoc|iPhone = Ad-Hoc|iPhone
		Ad-Hoc|iPhoneSimulator = Ad-Hoc|iPhoneSimulator
		Ad-Hoc|x64 = Ad-Hoc|x64
		Ad-Hoc|x86 = Ad-Hoc|x86
		AppStore|Any CPU = AppStore|Any CPU
		AppStore|ARM = AppStore|ARM
		AppStore|iPhone = AppStore|iPhone
		AppStore|iPhoneSimulator = AppStore|iPhoneSimulator
		AppStore|x64 = AppStore|x64
		AppStore|x86 = AppStore|x86
		Debug|Any CPU = Debug|Any CPU
		Debug|ARM = Debug|ARM
		Debug|iPhone = Debug|iPhone
		Debug|iPhoneSimulator = Debug|iPhoneSimulator
		Debug|x64 = Debug|x64
		Debug|x86 = Debug|x86
		Release|Any CPU = Release|Any CPU
		Release|ARM = Release|ARM
		Release|iPhone = Release|iPhone
		Release|iPhoneSimulator = Release|iPhoneSimulator
		Release|x64 = Release|x64
		Release|x86 = Release|x86
	EndGlobalSection
	GlobalSection(ProjectConfigurationPlatforms) = postSolution
		{EF5CFD08-FAB4-4819-9E68-33CB22F63826}.Ad-Hoc|Any CPU.ActiveCfg = Debug|Any CPU
		{EF5CFD08-FAB4-4819-9E68-33CB22F63826}.Ad-Hoc|Any CPU.Build.0 = Debug|Any CPU
		{EF5CFD08-FAB4-4819-9E68-33CB22F63826}.Ad-Hoc|ARM.ActiveCfg = Debug|Any CPU
		{EF5CFD08-FAB4-4819-9E68-33CB22F63826}.Ad-Hoc|ARM.Build.0 = Debug|Any CPU
		{EF5CFD08-FAB4-4819-9E68-33CB22F63826}.Ad-Hoc|iPhone.ActiveCfg = Debug|Any CPU
		{EF5CFD08-FAB4-4819-9E68-33CB22F63826}.Ad-Hoc|iPhone.Build.0 = Debug|Any CPU
		{EF5CFD08-FAB4-4819-9E68-33CB22F63826}.Ad-Hoc|iPhoneSimulator.ActiveCfg = Debug|Any CPU
		{EF5CFD08-FAB4-4819-9E68-33CB22F63826}.Ad-Hoc|iPhoneSimulator.Build.0 = Debug|Any CPU
		{EF5CFD08-FAB4-4819-9E68-33CB22F63826}.Ad-Hoc|x64.ActiveCfg = Debug|Any CPU
		{EF5CFD08-FAB4-4819-9E68-33CB22F63826}.Ad-Hoc|x64.Build.0 = Debug|Any CPU
		{EF5CFD08-FAB4-4819-9E68-33CB22F63826}.Ad-Hoc|x86.ActiveCfg = Debug|Any CPU
		{EF5CFD08-FAB4-4819-9E68-33CB22F63826}.Ad-Hoc|x86.Build.0 = Debug|Any CPU
		{EF5CFD08-FAB4-4819-9E68-33CB22F63826}.AppStore|Any CPU.ActiveCfg = Debug|Any CPU
		{EF5CFD08-FAB4-4819-9E68-33CB22F63826}.AppStore|Any CPU.Build.0 = Debug|Any CPU
		{EF5CFD08-FAB4-4819-9E68-33CB22F63826}.AppStore|ARM.ActiveCfg = Debug|Any CPU
		{EF5CFD08-FAB4-4819-9E68-33CB22F63826}.AppStore|ARM.Build.0 = Debug|Any CPU
		{EF5CFD08-FAB4-4819-9E68-33CB22F63826}.AppStore|iPhone.ActiveCfg = Debug|Any CPU
		{EF5CFD08-FAB4-4819-9E68-33CB22F63826}.AppStore|iPhone.Build.0 = Debug|Any CPU
		{EF5CFD08-FAB4-4819-9E68-33CB22F63826}.AppStore|iPhoneSimulator.ActiveCfg = Debug|Any CPU
		{EF5CFD08-FAB4-4819-9E68-33CB22F63826}.AppStore|iPhoneSimulator.Build.0 = Debug|Any CPU
		{EF5CFD08-FAB4-4819-9E68-33CB22F63826}.AppStore|x64.ActiveCfg = Debug|Any CPU
		{EF5CFD08-FAB4-4819-9E68-33CB22F63826}.AppStore|x64.Build.0 = Debug|Any CPU
		{EF5CFD08-FAB4-4819-9E68-33CB22F63826}.AppStore|x86.ActiveCfg = Debug|Any CPU
		{EF5CFD08-FAB4-4819-9E68-33CB22F63826}.AppStore|x86.Build.0 = Debug|Any CPU
		{EF5CFD08-FAB4-4819-9E68-33CB22F63826}.Debug|Any CPU.ActiveCfg = Debug|Any CPU
		{EF5CFD08-FAB4-4819-9E68-33CB22F63826}.Debug|Any CPU.Build.0 = Debug|Any CPU
		{EF5CFD08-FAB4-4819-9E68-33CB22F63826}.Debug|ARM.ActiveCfg = Debug|Any CPU
		{EF5CFD08-FAB4-4819-9E68-33CB22F63826}.Debug|ARM.Build.0 = Debug|Any CPU
		{EF5CFD08-FAB4-4819-9E68-33CB22F63826}.Debug|iPhone.ActiveCfg = Debug|Any CPU
		{EF5CFD08-FAB4-4819-9E68-33CB22F63826}.Debug|iPhone.Build.0 = Debug|Any CPU
		{EF5CFD08-FAB4-4819-9E68-33CB22F63826}.Debug|iPhoneSimulator.ActiveCfg = Debug|Any CPU
		{EF5CFD08-FAB4-4819-9E68-33CB22F63826}.Debug|iPhoneSimulator.Build.0 = Debug|Any CPU
		{EF5CFD08-FAB4-4819-9E68-33CB22F63826}.Debug|x64.ActiveCfg = Debug|Any CPU
		{EF5CFD08-FAB4-4819-9E68-33CB22F63826}.Debug|x64.Build.0 = Debug|Any CPU
		{EF5CFD08-FAB4-4819-9E68-33CB22F63826}.Debug|x86.ActiveCfg = Debug|Any CPU
		{EF5CFD08-FAB4-4819-9E68-33CB22F63826}.Debug|x86.Build.0 = Debug|Any CPU
		{EF5CFD08-FAB4-4819-9E68-33CB22F63826}.Release|Any CPU.ActiveCfg = Release|Any CPU
		{EF5CFD08-FAB4-4819-9E68-33CB22F63826}.Release|Any CPU.Build.0 = Release|Any CPU
		{EF5CFD08-FAB4-4819-9E68-33CB22F63826}.Release|ARM.ActiveCfg = Release|Any CPU
		{EF5CFD08-FAB4-4819-9E68-33CB22F63826}.Release|ARM.Build.0 = Release|Any CPU
		{EF5CFD08-FAB4-4819-9E68-33CB22F63826}.Release|iPhone.ActiveCfg = Release|Any CPU
		{EF5CFD08-FAB4-4819-9E68-33CB22F63826}.Release|iPhone.Build.0 = Release|Any CPU
		{EF5CFD08-FAB4-4819-9E68-33CB22F63826}.Release|iPhoneSimulator.ActiveCfg = Release|Any CPU
		{EF5CFD08-FAB4-4819-9E68-33CB22F63826}.Release|iPhoneSimulator.Build.0 = Release|Any CPU
		{EF5CFD08-FAB4-4819-9E68-33CB22F63826}.Release|x64.ActiveCfg = Release|Any CPU
		{EF5CFD08-FAB4-4819-9E68-33CB22F63826}.Release|x64.Build.0 = Release|Any CPU
		{EF5CFD08-FAB4-4819-9E68-33CB22F63826}.Release|x86.ActiveCfg = Release|Any CPU
		{EF5CFD08-FAB4-4819-9E68-33CB22F63826}.Release|x86.Build.0 = Release|Any CPU
		{F149A65C-34A0-4380-9630-3FD066A0A3AA}.Ad-Hoc|Any CPU.ActiveCfg = Release|Any CPU
		{F149A65C-34A0-4380-9630-3FD066A0A3AA}.Ad-Hoc|Any CPU.Build.0 = Release|Any CPU
		{F149A65C-34A0-4380-9630-3FD066A0A3AA}.Ad-Hoc|Any CPU.Deploy.0 = Release|Any CPU
		{F149A65C-34A0-4380-9630-3FD066A0A3AA}.Ad-Hoc|ARM.ActiveCfg = Release|Any CPU
		{F149A65C-34A0-4380-9630-3FD066A0A3AA}.Ad-Hoc|ARM.Build.0 = Release|Any CPU
		{F149A65C-34A0-4380-9630-3FD066A0A3AA}.Ad-Hoc|ARM.Deploy.0 = Release|Any CPU
		{F149A65C-34A0-4380-9630-3FD066A0A3AA}.Ad-Hoc|iPhone.ActiveCfg = Release|Any CPU
		{F149A65C-34A0-4380-9630-3FD066A0A3AA}.Ad-Hoc|iPhone.Build.0 = Release|Any CPU
		{F149A65C-34A0-4380-9630-3FD066A0A3AA}.Ad-Hoc|iPhone.Deploy.0 = Release|Any CPU
		{F149A65C-34A0-4380-9630-3FD066A0A3AA}.Ad-Hoc|iPhoneSimulator.ActiveCfg = Release|Any CPU
		{F149A65C-34A0-4380-9630-3FD066A0A3AA}.Ad-Hoc|iPhoneSimulator.Build.0 = Release|Any CPU
		{F149A65C-34A0-4380-9630-3FD066A0A3AA}.Ad-Hoc|iPhoneSimulator.Deploy.0 = Release|Any CPU
		{F149A65C-34A0-4380-9630-3FD066A0A3AA}.Ad-Hoc|x64.ActiveCfg = Release|Any CPU
		{F149A65C-34A0-4380-9630-3FD066A0A3AA}.Ad-Hoc|x64.Build.0 = Release|Any CPU
		{F149A65C-34A0-4380-9630-3FD066A0A3AA}.Ad-Hoc|x64.Deploy.0 = Release|Any CPU
		{F149A65C-34A0-4380-9630-3FD066A0A3AA}.Ad-Hoc|x86.ActiveCfg = Release|Any CPU
		{F149A65C-34A0-4380-9630-3FD066A0A3AA}.Ad-Hoc|x86.Build.0 = Release|Any CPU
		{F149A65C-34A0-4380-9630-3FD066A0A3AA}.Ad-Hoc|x86.Deploy.0 = Release|Any CPU
		{F149A65C-34A0-4380-9630-3FD066A0A3AA}.AppStore|Any CPU.ActiveCfg = Release|Any CPU
		{F149A65C-34A0-4380-9630-3FD066A0A3AA}.AppStore|Any CPU.Build.0 = Release|Any CPU
		{F149A65C-34A0-4380-9630-3FD066A0A3AA}.AppStore|Any CPU.Deploy.0 = Release|Any CPU
		{F149A65C-34A0-4380-9630-3FD066A0A3AA}.AppStore|ARM.ActiveCfg = Release|Any CPU
		{F149A65C-34A0-4380-9630-3FD066A0A3AA}.AppStore|ARM.Build.0 = Release|Any CPU
		{F149A65C-34A0-4380-9630-3FD066A0A3AA}.AppStore|ARM.Deploy.0 = Release|Any CPU
		{F149A65C-34A0-4380-9630-3FD066A0A3AA}.AppStore|iPhone.ActiveCfg = Release|Any CPU
		{F149A65C-34A0-4380-9630-3FD066A0A3AA}.AppStore|iPhone.Build.0 = Release|Any CPU
		{F149A65C-34A0-4380-9630-3FD066A0A3AA}.AppStore|iPhone.Deploy.0 = Release|Any CPU
		{F149A65C-34A0-4380-9630-3FD066A0A3AA}.AppStore|iPhoneSimulator.ActiveCfg = Release|Any CPU
		{F149A65C-34A0-4380-9630-3FD066A0A3AA}.AppStore|iPhoneSimulator.Build.0 = Release|Any CPU
		{F149A65C-34A0-4380-9630-3FD066A0A3AA}.AppStore|iPhoneSimulator.Deploy.0 = Release|Any CPU
		{F149A65C-34A0-4380-9630-3FD066A0A3AA}.AppStore|x64.ActiveCfg = Release|Any CPU
		{F149A65C-34A0-4380-9630-3FD066A0A3AA}.AppStore|x64.Build.0 = Release|Any CPU
		{F149A65C-34A0-4380-9630-3FD066A0A3AA}.AppStore|x64.Deploy.0 = Release|Any CPU
		{F149A65C-34A0-4380-9630-3FD066A0A3AA}.AppStore|x86.ActiveCfg = Release|Any CPU
		{F149A65C-34A0-4380-9630-3FD066A0A3AA}.AppStore|x86.Build.0 = Release|Any CPU
		{F149A65C-34A0-4380-9630-3FD066A0A3AA}.AppStore|x86.Deploy.0 = Release|Any CPU
		{F149A65C-34A0-4380-9630-3FD066A0A3AA}.Debug|Any CPU.ActiveCfg = Debug|Any CPU
		{F149A65C-34A0-4380-9630-3FD066A0A3AA}.Debug|Any CPU.Build.0 = Debug|Any CPU
		{F149A65C-34A0-4380-9630-3FD066A0A3AA}.Debug|Any CPU.Deploy.0 = Debug|Any CPU
		{F149A65C-34A0-4380-9630-3FD066A0A3AA}.Debug|ARM.ActiveCfg = Debug|Any CPU
		{F149A65C-34A0-4380-9630-3FD066A0A3AA}.Debug|ARM.Build.0 = Debug|Any CPU
		{F149A65C-34A0-4380-9630-3FD066A0A3AA}.Debug|ARM.Deploy.0 = Debug|Any CPU
		{F149A65C-34A0-4380-9630-3FD066A0A3AA}.Debug|iPhone.ActiveCfg = Debug|Any CPU
		{F149A65C-34A0-4380-9630-3FD066A0A3AA}.Debug|iPhone.Build.0 = Debug|Any CPU
		{F149A65C-34A0-4380-9630-3FD066A0A3AA}.Debug|iPhone.Deploy.0 = Debug|Any CPU
		{F149A65C-34A0-4380-9630-3FD066A0A3AA}.Debug|iPhoneSimulator.ActiveCfg = Debug|Any CPU
		{F149A65C-34A0-4380-9630-3FD066A0A3AA}.Debug|iPhoneSimulator.Build.0 = Debug|Any CPU
		{F149A65C-34A0-4380-9630-3FD066A0A3AA}.Debug|iPhoneSimulator.Deploy.0 = Debug|Any CPU
		{F149A65C-34A0-4380-9630-3FD066A0A3AA}.Debug|x64.ActiveCfg = Debug|Any CPU
		{F149A65C-34A0-4380-9630-3FD066A0A3AA}.Debug|x64.Build.0 = Debug|Any CPU
		{F149A65C-34A0-4380-9630-3FD066A0A3AA}.Debug|x64.Deploy.0 = Debug|Any CPU
		{F149A65C-34A0-4380-9630-3FD066A0A3AA}.Debug|x86.ActiveCfg = Debug|Any CPU
		{F149A65C-34A0-4380-9630-3FD066A0A3AA}.Debug|x86.Build.0 = Debug|Any CPU
		{F149A65C-34A0-4380-9630-3FD066A0A3AA}.Debug|x86.Deploy.0 = Debug|Any CPU
		{F149A65C-34A0-4380-9630-3FD066A0A3AA}.Release|Any CPU.ActiveCfg = Release|Any CPU
		{F149A65C-34A0-4380-9630-3FD066A0A3AA}.Release|Any CPU.Build.0 = Release|Any CPU
		{F149A65C-34A0-4380-9630-3FD066A0A3AA}.Release|Any CPU.Deploy.0 = Release|Any CPU
		{F149A65C-34A0-4380-9630-3FD066A0A3AA}.Release|ARM.ActiveCfg = Release|Any CPU
		{F149A65C-34A0-4380-9630-3FD066A0A3AA}.Release|ARM.Build.0 = Release|Any CPU
		{F149A65C-34A0-4380-9630-3FD066A0A3AA}.Release|ARM.Deploy.0 = Release|Any CPU
		{F149A65C-34A0-4380-9630-3FD066A0A3AA}.Release|iPhone.ActiveCfg = Release|Any CPU
		{F149A65C-34A0-4380-9630-3FD066A0A3AA}.Release|iPhone.Build.0 = Release|Any CPU
		{F149A65C-34A0-4380-9630-3FD066A0A3AA}.Release|iPhone.Deploy.0 = Release|Any CPU
		{F149A65C-34A0-4380-9630-3FD066A0A3AA}.Release|iPhoneSimulator.ActiveCfg = Release|Any CPU
		{F149A65C-34A0-4380-9630-3FD066A0A3AA}.Release|iPhoneSimulator.Build.0 = Release|Any CPU
		{F149A65C-34A0-4380-9630-3FD066A0A3AA}.Release|iPhoneSimulator.Deploy.0 = Release|Any CPU
		{F149A65C-34A0-4380-9630-3FD066A0A3AA}.Release|x64.ActiveCfg = Release|Any CPU
		{F149A65C-34A0-4380-9630-3FD066A0A3AA}.Release|x64.Build.0 = Release|Any CPU
		{F149A65C-34A0-4380-9630-3FD066A0A3AA}.Release|x64.Deploy.0 = Release|Any CPU
		{F149A65C-34A0-4380-9630-3FD066A0A3AA}.Release|x86.ActiveCfg = Release|Any CPU
		{F149A65C-34A0-4380-9630-3FD066A0A3AA}.Release|x86.Build.0 = Release|Any CPU
		{F149A65C-34A0-4380-9630-3FD066A0A3AA}.Release|x86.Deploy.0 = Release|Any CPU
		{B3CA318E-2913-46AE-A99B-A158EC086888}.Ad-Hoc|Any CPU.ActiveCfg = Ad-Hoc|iPhone
		{B3CA318E-2913-46AE-A99B-A158EC086888}.Ad-Hoc|ARM.ActiveCfg = Ad-Hoc|iPhone
		{B3CA318E-2913-46AE-A99B-A158EC086888}.Ad-Hoc|iPhone.ActiveCfg = Ad-Hoc|iPhone
		{B3CA318E-2913-46AE-A99B-A158EC086888}.Ad-Hoc|iPhone.Build.0 = Ad-Hoc|iPhone
		{B3CA318E-2913-46AE-A99B-A158EC086888}.Ad-Hoc|iPhoneSimulator.ActiveCfg = Ad-Hoc|iPhoneSimulator
		{B3CA318E-2913-46AE-A99B-A158EC086888}.Ad-Hoc|iPhoneSimulator.Build.0 = Ad-Hoc|iPhoneSimulator
		{B3CA318E-2913-46AE-A99B-A158EC086888}.Ad-Hoc|x64.ActiveCfg = Ad-Hoc|iPhone
		{B3CA318E-2913-46AE-A99B-A158EC086888}.Ad-Hoc|x86.ActiveCfg = Ad-Hoc|iPhone
		{B3CA318E-2913-46AE-A99B-A158EC086888}.AppStore|Any CPU.ActiveCfg = AppStore|iPhone
		{B3CA318E-2913-46AE-A99B-A158EC086888}.AppStore|ARM.ActiveCfg = AppStore|iPhone
		{B3CA318E-2913-46AE-A99B-A158EC086888}.AppStore|iPhone.ActiveCfg = AppStore|iPhone
		{B3CA318E-2913-46AE-A99B-A158EC086888}.AppStore|iPhone.Build.0 = AppStore|iPhone
		{B3CA318E-2913-46AE-A99B-A158EC086888}.AppStore|iPhoneSimulator.ActiveCfg = AppStore|iPhoneSimulator
		{B3CA318E-2913-46AE-A99B-A158EC086888}.AppStore|iPhoneSimulator.Build.0 = AppStore|iPhoneSimulator
		{B3CA318E-2913-46AE-A99B-A158EC086888}.AppStore|x64.ActiveCfg = AppStore|iPhone
		{B3CA318E-2913-46AE-A99B-A158EC086888}.AppStore|x86.ActiveCfg = AppStore|iPhone
		{B3CA318E-2913-46AE-A99B-A158EC086888}.Debug|Any CPU.ActiveCfg = Debug|iPhone
		{B3CA318E-2913-46AE-A99B-A158EC086888}.Debug|ARM.ActiveCfg = Debug|iPhone
		{B3CA318E-2913-46AE-A99B-A158EC086888}.Debug|iPhone.ActiveCfg = Debug|iPhone
		{B3CA318E-2913-46AE-A99B-A158EC086888}.Debug|iPhone.Build.0 = Debug|iPhone
		{B3CA318E-2913-46AE-A99B-A158EC086888}.Debug|iPhoneSimulator.ActiveCfg = Debug|iPhoneSimulator
		{B3CA318E-2913-46AE-A99B-A158EC086888}.Debug|iPhoneSimulator.Build.0 = Debug|iPhoneSimulator
		{B3CA318E-2913-46AE-A99B-A158EC086888}.Debug|x64.ActiveCfg = Debug|iPhone
		{B3CA318E-2913-46AE-A99B-A158EC086888}.Debug|x86.ActiveCfg = Debug|iPhone
		{B3CA318E-2913-46AE-A99B-A158EC086888}.Release|Any CPU.ActiveCfg = Release|iPhone
		{B3CA318E-2913-46AE-A99B-A158EC086888}.Release|ARM.ActiveCfg = Release|iPhone
		{B3CA318E-2913-46AE-A99B-A158EC086888}.Release|iPhone.ActiveCfg = Release|iPhone
		{B3CA318E-2913-46AE-A99B-A158EC086888}.Release|iPhone.Build.0 = Release|iPhone
		{B3CA318E-2913-46AE-A99B-A158EC086888}.Release|iPhoneSimulator.ActiveCfg = Release|iPhoneSimulator
		{B3CA318E-2913-46AE-A99B-A158EC086888}.Release|iPhoneSimulator.Build.0 = Release|iPhoneSimulator
		{B3CA318E-2913-46AE-A99B-A158EC086888}.Release|x64.ActiveCfg = Release|iPhone
		{B3CA318E-2913-46AE-A99B-A158EC086888}.Release|x86.ActiveCfg = Release|iPhone
		{902EC937-B35F-438C-8724-3D771244782E}.Ad-Hoc|Any CPU.ActiveCfg = Release|x86
		{902EC937-B35F-438C-8724-3D771244782E}.Ad-Hoc|Any CPU.Build.0 = Release|x86
		{902EC937-B35F-438C-8724-3D771244782E}.Ad-Hoc|Any CPU.Deploy.0 = Release|x86
		{902EC937-B35F-438C-8724-3D771244782E}.Ad-Hoc|ARM.ActiveCfg = Release|ARM
		{902EC937-B35F-438C-8724-3D771244782E}.Ad-Hoc|ARM.Build.0 = Release|ARM
		{902EC937-B35F-438C-8724-3D771244782E}.Ad-Hoc|ARM.Deploy.0 = Release|ARM
		{902EC937-B35F-438C-8724-3D771244782E}.Ad-Hoc|iPhone.ActiveCfg = Release|x86
		{902EC937-B35F-438C-8724-3D771244782E}.Ad-Hoc|iPhone.Build.0 = Release|x86
		{902EC937-B35F-438C-8724-3D771244782E}.Ad-Hoc|iPhone.Deploy.0 = Release|x86
		{902EC937-B35F-438C-8724-3D771244782E}.Ad-Hoc|iPhoneSimulator.ActiveCfg = Release|x86
		{902EC937-B35F-438C-8724-3D771244782E}.Ad-Hoc|iPhoneSimulator.Build.0 = Release|x86
		{902EC937-B35F-438C-8724-3D771244782E}.Ad-Hoc|iPhoneSimulator.Deploy.0 = Release|x86
		{902EC937-B35F-438C-8724-3D771244782E}.Ad-Hoc|x64.ActiveCfg = Release|x64
		{902EC937-B35F-438C-8724-3D771244782E}.Ad-Hoc|x64.Build.0 = Release|x64
		{902EC937-B35F-438C-8724-3D771244782E}.Ad-Hoc|x64.Deploy.0 = Release|x64
		{902EC937-B35F-438C-8724-3D771244782E}.Ad-Hoc|x86.ActiveCfg = Release|x86
		{902EC937-B35F-438C-8724-3D771244782E}.Ad-Hoc|x86.Build.0 = Release|x86
		{902EC937-B35F-438C-8724-3D771244782E}.Ad-Hoc|x86.Deploy.0 = Release|x86
		{902EC937-B35F-438C-8724-3D771244782E}.AppStore|Any CPU.ActiveCfg = Release|x86
		{902EC937-B35F-438C-8724-3D771244782E}.AppStore|Any CPU.Build.0 = Release|x86
		{902EC937-B35F-438C-8724-3D771244782E}.AppStore|Any CPU.Deploy.0 = Release|x86
		{902EC937-B35F-438C-8724-3D771244782E}.AppStore|ARM.ActiveCfg = Release|ARM
		{902EC937-B35F-438C-8724-3D771244782E}.AppStore|ARM.Build.0 = Release|ARM
		{902EC937-B35F-438C-8724-3D771244782E}.AppStore|ARM.Deploy.0 = Release|ARM
		{902EC937-B35F-438C-8724-3D771244782E}.AppStore|iPhone.ActiveCfg = Release|x86
		{902EC937-B35F-438C-8724-3D771244782E}.AppStore|iPhone.Build.0 = Release|x86
		{902EC937-B35F-438C-8724-3D771244782E}.AppStore|iPhone.Deploy.0 = Release|x86
		{902EC937-B35F-438C-8724-3D771244782E}.AppStore|iPhoneSimulator.ActiveCfg = Release|x86
		{902EC937-B35F-438C-8724-3D771244782E}.AppStore|iPhoneSimulator.Build.0 = Release|x86
		{902EC937-B35F-438C-8724-3D771244782E}.AppStore|iPhoneSimulator.Deploy.0 = Release|x86
		{902EC937-B35F-438C-8724-3D771244782E}.AppStore|x64.ActiveCfg = Release|x64
		{902EC937-B35F-438C-8724-3D771244782E}.AppStore|x64.Build.0 = Release|x64
		{902EC937-B35F-438C-8724-3D771244782E}.AppStore|x64.Deploy.0 = Release|x64
		{902EC937-B35F-438C-8724-3D771244782E}.AppStore|x86.ActiveCfg = Release|x86
		{902EC937-B35F-438C-8724-3D771244782E}.AppStore|x86.Build.0 = Release|x86
		{902EC937-B35F-438C-8724-3D771244782E}.AppStore|x86.Deploy.0 = Release|x86
		{902EC937-B35F-438C-8724-3D771244782E}.Debug|Any CPU.ActiveCfg = Debug|x86
		{902EC937-B35F-438C-8724-3D771244782E}.Debug|ARM.ActiveCfg = Debug|ARM
		{902EC937-B35F-438C-8724-3D771244782E}.Debug|ARM.Build.0 = Debug|ARM
		{902EC937-B35F-438C-8724-3D771244782E}.Debug|ARM.Deploy.0 = Debug|ARM
		{902EC937-B35F-438C-8724-3D771244782E}.Debug|iPhone.ActiveCfg = Debug|x86
		{902EC937-B35F-438C-8724-3D771244782E}.Debug|iPhoneSimulator.ActiveCfg = Debug|x86
		{902EC937-B35F-438C-8724-3D771244782E}.Debug|x64.ActiveCfg = Debug|x64
		{902EC937-B35F-438C-8724-3D771244782E}.Debug|x64.Build.0 = Debug|x64
		{902EC937-B35F-438C-8724-3D771244782E}.Debug|x64.Deploy.0 = Debug|x64
		{902EC937-B35F-438C-8724-3D771244782E}.Debug|x86.ActiveCfg = Debug|x86
		{902EC937-B35F-438C-8724-3D771244782E}.Debug|x86.Build.0 = Debug|x86
		{902EC937-B35F-438C-8724-3D771244782E}.Debug|x86.Deploy.0 = Debug|x86
		{902EC937-B35F-438C-8724-3D771244782E}.Release|Any CPU.ActiveCfg = Release|x86
		{902EC937-B35F-438C-8724-3D771244782E}.Release|ARM.ActiveCfg = Release|ARM
		{902EC937-B35F-438C-8724-3D771244782E}.Release|ARM.Build.0 = Release|ARM
		{902EC937-B35F-438C-8724-3D771244782E}.Release|ARM.Deploy.0 = Release|ARM
		{902EC937-B35F-438C-8724-3D771244782E}.Release|iPhone.ActiveCfg = Release|x86
		{902EC937-B35F-438C-8724-3D771244782E}.Release|iPhoneSimulator.ActiveCfg = Release|x86
		{902EC937-B35F-438C-8724-3D771244782E}.Release|x64.ActiveCfg = Release|x64
		{902EC937-B35F-438C-8724-3D771244782E}.Release|x64.Build.0 = Release|x64
		{902EC937-B35F-438C-8724-3D771244782E}.Release|x64.Deploy.0 = Release|x64
		{902EC937-B35F-438C-8724-3D771244782E}.Release|x86.ActiveCfg = Release|x86
		{902EC937-B35F-438C-8724-3D771244782E}.Release|x86.Build.0 = Release|x86
		{902EC937-B35F-438C-8724-3D771244782E}.Release|x86.Deploy.0 = Release|x86
		{6FE48C08-EA99-4B8E-B1F7-892C339CF1DF}.Ad-Hoc|Any CPU.ActiveCfg = Debug|Any CPU
		{6FE48C08-EA99-4B8E-B1F7-892C339CF1DF}.Ad-Hoc|Any CPU.Build.0 = Debug|Any CPU
		{6FE48C08-EA99-4B8E-B1F7-892C339CF1DF}.Ad-Hoc|ARM.ActiveCfg = Debug|Any CPU
		{6FE48C08-EA99-4B8E-B1F7-892C339CF1DF}.Ad-Hoc|ARM.Build.0 = Debug|Any CPU
		{6FE48C08-EA99-4B8E-B1F7-892C339CF1DF}.Ad-Hoc|iPhone.ActiveCfg = Debug|Any CPU
		{6FE48C08-EA99-4B8E-B1F7-892C339CF1DF}.Ad-Hoc|iPhone.Build.0 = Debug|Any CPU
		{6FE48C08-EA99-4B8E-B1F7-892C339CF1DF}.Ad-Hoc|iPhoneSimulator.ActiveCfg = Debug|Any CPU
		{6FE48C08-EA99-4B8E-B1F7-892C339CF1DF}.Ad-Hoc|iPhoneSimulator.Build.0 = Debug|Any CPU
		{6FE48C08-EA99-4B8E-B1F7-892C339CF1DF}.Ad-Hoc|x64.ActiveCfg = Debug|Any CPU
		{6FE48C08-EA99-4B8E-B1F7-892C339CF1DF}.Ad-Hoc|x64.Build.0 = Debug|Any CPU
		{6FE48C08-EA99-4B8E-B1F7-892C339CF1DF}.Ad-Hoc|x86.ActiveCfg = Debug|Any CPU
		{6FE48C08-EA99-4B8E-B1F7-892C339CF1DF}.Ad-Hoc|x86.Build.0 = Debug|Any CPU
		{6FE48C08-EA99-4B8E-B1F7-892C339CF1DF}.AppStore|Any CPU.ActiveCfg = Debug|Any CPU
		{6FE48C08-EA99-4B8E-B1F7-892C339CF1DF}.AppStore|Any CPU.Build.0 = Debug|Any CPU
		{6FE48C08-EA99-4B8E-B1F7-892C339CF1DF}.AppStore|ARM.ActiveCfg = Debug|Any CPU
		{6FE48C08-EA99-4B8E-B1F7-892C339CF1DF}.AppStore|ARM.Build.0 = Debug|Any CPU
		{6FE48C08-EA99-4B8E-B1F7-892C339CF1DF}.AppStore|iPhone.ActiveCfg = Debug|Any CPU
		{6FE48C08-EA99-4B8E-B1F7-892C339CF1DF}.AppStore|iPhone.Build.0 = Debug|Any CPU
		{6FE48C08-EA99-4B8E-B1F7-892C339CF1DF}.AppStore|iPhoneSimulator.ActiveCfg = Debug|Any CPU
		{6FE48C08-EA99-4B8E-B1F7-892C339CF1DF}.AppStore|iPhoneSimulator.Build.0 = Debug|Any CPU
		{6FE48C08-EA99-4B8E-B1F7-892C339CF1DF}.AppStore|x64.ActiveCfg = Debug|Any CPU
		{6FE48C08-EA99-4B8E-B1F7-892C339CF1DF}.AppStore|x64.Build.0 = Debug|Any CPU
		{6FE48C08-EA99-4B8E-B1F7-892C339CF1DF}.AppStore|x86.ActiveCfg = Debug|Any CPU
		{6FE48C08-EA99-4B8E-B1F7-892C339CF1DF}.AppStore|x86.Build.0 = Debug|Any CPU
		{6FE48C08-EA99-4B8E-B1F7-892C339CF1DF}.Debug|Any CPU.ActiveCfg = Debug|Any CPU
		{6FE48C08-EA99-4B8E-B1F7-892C339CF1DF}.Debug|Any CPU.Build.0 = Debug|Any CPU
		{6FE48C08-EA99-4B8E-B1F7-892C339CF1DF}.Debug|ARM.ActiveCfg = Debug|Any CPU
		{6FE48C08-EA99-4B8E-B1F7-892C339CF1DF}.Debug|ARM.Build.0 = Debug|Any CPU
		{6FE48C08-EA99-4B8E-B1F7-892C339CF1DF}.Debug|iPhone.ActiveCfg = Debug|Any CPU
		{6FE48C08-EA99-4B8E-B1F7-892C339CF1DF}.Debug|iPhone.Build.0 = Debug|Any CPU
		{6FE48C08-EA99-4B8E-B1F7-892C339CF1DF}.Debug|iPhoneSimulator.ActiveCfg = Debug|Any CPU
		{6FE48C08-EA99-4B8E-B1F7-892C339CF1DF}.Debug|iPhoneSimulator.Build.0 = Debug|Any CPU
		{6FE48C08-EA99-4B8E-B1F7-892C339CF1DF}.Debug|x64.ActiveCfg = Debug|Any CPU
		{6FE48C08-EA99-4B8E-B1F7-892C339CF1DF}.Debug|x64.Build.0 = Debug|Any CPU
		{6FE48C08-EA99-4B8E-B1F7-892C339CF1DF}.Debug|x86.ActiveCfg = Debug|Any CPU
		{6FE48C08-EA99-4B8E-B1F7-892C339CF1DF}.Debug|x86.Build.0 = Debug|Any CPU
		{6FE48C08-EA99-4B8E-B1F7-892C339CF1DF}.Release|Any CPU.ActiveCfg = Release|Any CPU
		{6FE48C08-EA99-4B8E-B1F7-892C339CF1DF}.Release|Any CPU.Build.0 = Release|Any CPU
		{6FE48C08-EA99-4B8E-B1F7-892C339CF1DF}.Release|ARM.ActiveCfg = Release|Any CPU
		{6FE48C08-EA99-4B8E-B1F7-892C339CF1DF}.Release|ARM.Build.0 = Release|Any CPU
		{6FE48C08-EA99-4B8E-B1F7-892C339CF1DF}.Release|iPhone.ActiveCfg = Release|Any CPU
		{6FE48C08-EA99-4B8E-B1F7-892C339CF1DF}.Release|iPhone.Build.0 = Release|Any CPU
		{6FE48C08-EA99-4B8E-B1F7-892C339CF1DF}.Release|iPhoneSimulator.ActiveCfg = Release|Any CPU
		{6FE48C08-EA99-4B8E-B1F7-892C339CF1DF}.Release|iPhoneSimulator.Build.0 = Release|Any CPU
		{6FE48C08-EA99-4B8E-B1F7-892C339CF1DF}.Release|x64.ActiveCfg = Release|Any CPU
		{6FE48C08-EA99-4B8E-B1F7-892C339CF1DF}.Release|x64.Build.0 = Release|Any CPU
		{6FE48C08-EA99-4B8E-B1F7-892C339CF1DF}.Release|x86.ActiveCfg = Release|Any CPU
		{6FE48C08-EA99-4B8E-B1F7-892C339CF1DF}.Release|x86.Build.0 = Release|Any CPU
	EndGlobalSection
	GlobalSection(SolutionProperties) = preSolution
		HideSolutionNode = FALSE
	EndGlobalSection
	GlobalSection(NestedProjects) = preSolution
		{EF5CFD08-FAB4-4819-9E68-33CB22F63826} = {3F027BA0-8F34-41F4-9852-85CA818C8EEB}
		{F149A65C-34A0-4380-9630-3FD066A0A3AA} = {3EF09D23-260A-4A00-A74C-FDAD7B57F753}
		{B3CA318E-2913-46AE-A99B-A158EC086888} = {3EF09D23-260A-4A00-A74C-FDAD7B57F753}
		{902EC937-B35F-438C-8724-3D771244782E} = {3EF09D23-260A-4A00-A74C-FDAD7B57F753}
		{6FE48C08-EA99-4B8E-B1F7-892C339CF1DF} = {3EF09D23-260A-4A00-A74C-FDAD7B57F753}
	EndGlobalSection
	GlobalSection(ExtensibilityGlobals) = postSolution
		SolutionGuid = {1F506773-7D86-4030-ACA6-199FF895054E}
	EndGlobalSection
EndGlobal
