
Microsoft Visual Studio Solution File, Format Version 12.00
# Visual Studio Version 17
VisualStudioVersion = 17.2.32408.312
MinimumVisualStudioVersion = 10.0.40219.1
Project("{2150E333-8FDC-42A3-9474-1A3956D46DE8}") = "API", "API", "{3F027BA0-8F34-41F4-9852-85CA818C8EEB}"
EndProject
Project("{2150E333-8FDC-42A3-9474-1A3956D46DE8}") = "MobileApps", "MobileApps", "{3EF09D23-260A-4A00-A74C-FDAD7B57F753}"
EndProject
Project("{9A19103F-16F7-4668-BE54-9A1E7A4F7556}") = "BethanysPieShop.API", "BethanysPieShop.API\BethanysPieShop.API.csproj", "{EF5CFD08-FAB4-4819-9E68-33CB22F63826}"
EndProject
Project("{2150E333-8FDC-42A3-9474-1A3956D46DE8}") = "Test", "Test", "{F0E5954D-ECDF-405B-9EEB-6D2A2FF92217}"
EndProject
Project("{E53339B2-1760-4266-BCC7-CA923CBCF16C}") = "docker-compose", "docker-compose.dcproj", "{14EF245B-E290-401E-8ACE-26D946D86CDB}"
EndProject
Project("{9A19103F-16F7-4668-BE54-9A1E7A4F7556}") = "BethanysPieShop.Images", "BethanysPieShop.Images\BethanysPieShop.Images.csproj", "{6F12F382-3E59-4458-9899-E9EB544476C3}"
EndProject
Global
	GlobalSection(SolutionConfigurationPlatforms) = preSolution
		Ad-Hoc|Any CPU = Ad-Hoc|Any CPU
		Ad-Hoc|ARM = Ad-Hoc|ARM
		Ad-Hoc|iPhone = Ad-Hoc|iPhone
		Ad-Hoc|iPhoneSimulator = Ad-Hoc|iPhoneSimulator
		Ad-Hoc|x64 = Ad-Hoc|x64
		Ad-Hoc|x86 = Ad-Hoc|x86
		AppStore|Any CPU = AppStore|Any CPU
		AppStore|ARM = AppStore|ARM
		AppStore|iPhone = AppStore|iPhone
		AppStore|iPhoneSimulator = AppStore|iPhoneSimulator
		AppStore|x64 = AppStore|x64
		AppStore|x86 = AppStore|x86
		Debug|Any CPU = Debug|Any CPU
		Debug|ARM = Debug|ARM
		Debug|iPhone = Debug|iPhone
		Debug|iPhoneSimulator = Debug|iPhoneSimulator
		Debug|x64 = Debug|x64
		Debug|x86 = Debug|x86
		Release|Any CPU = Release|Any CPU
		Release|ARM = Release|ARM
		Release|iPhone = Release|iPhone
		Release|iPhoneSimulator = Release|iPhoneSimulator
		Release|x64 = Release|x64
		Release|x86 = Release|x86
	EndGlobalSection
	GlobalSection(ProjectConfigurationPlatforms) = postSolution
		{EF5CFD08-FAB4-4819-9E68-33CB22F63826}.Ad-Hoc|Any CPU.ActiveCfg = Debug|Any CPU
		{EF5CFD08-FAB4-4819-9E68-33CB22F63826}.Ad-Hoc|Any CPU.Build.0 = Debug|Any CPU
		{EF5CFD08-FAB4-4819-9E68-33CB22F63826}.Ad-Hoc|ARM.ActiveCfg = Debug|Any CPU
		{EF5CFD08-FAB4-4819-9E68-33CB22F63826}.Ad-Hoc|ARM.Build.0 = Debug|Any CPU
		{EF5CFD08-FAB4-4819-9E68-33CB22F63826}.Ad-Hoc|iPhone.ActiveCfg = Debug|Any CPU
		{EF5CFD08-FAB4-4819-9E68-33CB22F63826}.Ad-Hoc|iPhone.Build.0 = Debug|Any CPU
		{EF5CFD08-FAB4-4819-9E68-33CB22F63826}.Ad-Hoc|iPhoneSimulator.ActiveCfg = Debug|Any CPU
		{EF5CFD08-FAB4-4819-9E68-33CB22F63826}.Ad-Hoc|iPhoneSimulator.Build.0 = Debug|Any CPU
		{EF5CFD08-FAB4-4819-9E68-33CB22F63826}.Ad-Hoc|x64.ActiveCfg = Debug|Any CPU
		{EF5CFD08-FAB4-4819-9E68-33CB22F63826}.Ad-Hoc|x64.Build.0 = Debug|Any CPU
		{EF5CFD08-FAB4-4819-9E68-33CB22F63826}.Ad-Hoc|x86.ActiveCfg = Debug|Any CPU
		{EF5CFD08-FAB4-4819-9E68-33CB22F63826}.Ad-Hoc|x86.Build.0 = Debug|Any CPU
		{EF5CFD08-FAB4-4819-9E68-33CB22F63826}.AppStore|Any CPU.ActiveCfg = Debug|Any CPU
		{EF5CFD08-FAB4-4819-9E68-33CB22F63826}.AppStore|Any CPU.Build.0 = Debug|Any CPU
		{EF5CFD08-FAB4-4819-9E68-33CB22F63826}.AppStore|ARM.ActiveCfg = Debug|Any CPU
		{EF5CFD08-FAB4-4819-9E68-33CB22F63826}.AppStore|ARM.Build.0 = Debug|Any CPU
		{EF5CFD08-FAB4-4819-9E68-33CB22F63826}.AppStore|iPhone.ActiveCfg = Debug|Any CPU
		{EF5CFD08-FAB4-4819-9E68-33CB22F63826}.AppStore|iPhone.Build.0 = Debug|Any CPU
		{EF5CFD08-FAB4-4819-9E68-33CB22F63826}.AppStore|iPhoneSimulator.ActiveCfg = Debug|Any CPU
		{EF5CFD08-FAB4-4819-9E68-33CB22F63826}.AppStore|iPhoneSimulator.Build.0 = Debug|Any CPU
		{EF5CFD08-FAB4-4819-9E68-33CB22F63826}.AppStore|x64.ActiveCfg = Debug|Any CPU
		{EF5CFD08-FAB4-4819-9E68-33CB22F63826}.AppStore|x64.Build.0 = Debug|Any CPU
		{EF5CFD08-FAB4-4819-9E68-33CB22F63826}.AppStore|x86.ActiveCfg = Debug|Any CPU
		{EF5CFD08-FAB4-4819-9E68-33CB22F63826}.AppStore|x86.Build.0 = Debug|Any CPU
		{EF5CFD08-FAB4-4819-9E68-33CB22F63826}.Debug|Any CPU.ActiveCfg = Debug|Any CPU
		{EF5CFD08-FAB4-4819-9E68-33CB22F63826}.Debug|Any CPU.Build.0 = Debug|Any CPU
		{EF5CFD08-FAB4-4819-9E68-33CB22F63826}.Debug|ARM.ActiveCfg = Debug|Any CPU
		{EF5CFD08-FAB4-4819-9E68-33CB22F63826}.Debug|ARM.Build.0 = Debug|Any CPU
		{EF5CFD08-FAB4-4819-9E68-33CB22F63826}.Debug|iPhone.ActiveCfg = Debug|Any CPU
		{EF5CFD08-FAB4-4819-9E68-33CB22F63826}.Debug|iPhone.Build.0 = Debug|Any CPU
		{EF5CFD08-FAB4-4819-9E68-33CB22F63826}.Debug|iPhoneSimulator.ActiveCfg = Debug|Any CPU
		{EF5CFD08-FAB4-4819-9E68-33CB22F63826}.Debug|iPhoneSimulator.Build.0 = Debug|Any CPU
		{EF5CFD08-FAB4-4819-9E68-33CB22F63826}.Debug|x64.ActiveCfg = Debug|Any CPU
		{EF5CFD08-FAB4-4819-9E68-33CB22F63826}.Debug|x64.Build.0 = Debug|Any CPU
		{EF5CFD08-FAB4-4819-9E68-33CB22F63826}.Debug|x86.ActiveCfg = Debug|Any CPU
		{EF5CFD08-FAB4-4819-9E68-33CB22F63826}.Debug|x86.Build.0 = Debug|Any CPU
		{EF5CFD08-FAB4-4819-9E68-33CB22F63826}.Release|Any CPU.ActiveCfg = Release|Any CPU
		{EF5CFD08-FAB4-4819-9E68-33CB22F63826}.Release|Any CPU.Build.0 = Release|Any CPU
		{EF5CFD08-FAB4-4819-9E68-33CB22F63826}.Release|ARM.ActiveCfg = Release|Any CPU
		{EF5CFD08-FAB4-4819-9E68-33CB22F63826}.Release|ARM.Build.0 = Release|Any CPU
		{EF5CFD08-FAB4-4819-9E68-33CB22F63826}.Release|iPhone.ActiveCfg = Release|Any CPU
		{EF5CFD08-FAB4-4819-9E68-33CB22F63826}.Release|iPhone.Build.0 = Release|Any CPU
		{EF5CFD08-FAB4-4819-9E68-33CB22F63826}.Release|iPhoneSimulator.ActiveCfg = Release|Any CPU
		{EF5CFD08-FAB4-4819-9E68-33CB22F63826}.Release|iPhoneSimulator.Build.0 = Release|Any CPU
		{EF5CFD08-FAB4-4819-9E68-33CB22F63826}.Release|x64.ActiveCfg = Release|Any CPU
		{EF5CFD08-FAB4-4819-9E68-33CB22F63826}.Release|x64.Build.0 = Release|Any CPU
		{EF5CFD08-FAB4-4819-9E68-33CB22F63826}.Release|x86.ActiveCfg = Release|Any CPU
		{EF5CFD08-FAB4-4819-9E68-33CB22F63826}.Release|x86.Build.0 = Release|Any CPU
		{14EF245B-E290-401E-8ACE-26D946D86CDB}.Ad-Hoc|Any CPU.ActiveCfg = Release|Any CPU
		{14EF245B-E290-401E-8ACE-26D946D86CDB}.Ad-Hoc|Any CPU.Build.0 = Release|Any CPU
		{14EF245B-E290-401E-8ACE-26D946D86CDB}.Ad-Hoc|ARM.ActiveCfg = Release|Any CPU
		{14EF245B-E290-401E-8ACE-26D946D86CDB}.Ad-Hoc|ARM.Build.0 = Release|Any CPU
		{14EF245B-E290-401E-8ACE-26D946D86CDB}.Ad-Hoc|iPhone.ActiveCfg = Release|Any CPU
		{14EF245B-E290-401E-8ACE-26D946D86CDB}.Ad-Hoc|iPhone.Build.0 = Release|Any CPU
		{14EF245B-E290-401E-8ACE-26D946D86CDB}.Ad-Hoc|iPhoneSimulator.ActiveCfg = Release|Any CPU
		{14EF245B-E290-401E-8ACE-26D946D86CDB}.Ad-Hoc|iPhoneSimulator.Build.0 = Release|Any CPU
		{14EF245B-E290-401E-8ACE-26D946D86CDB}.Ad-Hoc|x64.ActiveCfg = Release|Any CPU
		{14EF245B-E290-401E-8ACE-26D946D86CDB}.Ad-Hoc|x64.Build.0 = Release|Any CPU
		{14EF245B-E290-401E-8ACE-26D946D86CDB}.Ad-Hoc|x86.ActiveCfg = Release|Any CPU
		{14EF245B-E290-401E-8ACE-26D946D86CDB}.Ad-Hoc|x86.Build.0 = Release|Any CPU
		{14EF245B-E290-401E-8ACE-26D946D86CDB}.AppStore|Any CPU.ActiveCfg = Release|Any CPU
		{14EF245B-E290-401E-8ACE-26D946D86CDB}.AppStore|Any CPU.Build.0 = Release|Any CPU
		{14EF245B-E290-401E-8ACE-26D946D86CDB}.AppStore|ARM.ActiveCfg = Release|Any CPU
		{14EF245B-E290-401E-8ACE-26D946D86CDB}.AppStore|ARM.Build.0 = Release|Any CPU
		{14EF245B-E290-401E-8ACE-26D946D86CDB}.AppStore|iPhone.ActiveCfg = Release|Any CPU
		{14EF245B-E290-401E-8ACE-26D946D86CDB}.AppStore|iPhone.Build.0 = Release|Any CPU
		{14EF245B-E290-401E-8ACE-26D946D86CDB}.AppStore|iPhoneSimulator.ActiveCfg = Release|Any CPU
		{14EF245B-E290-401E-8ACE-26D946D86CDB}.AppStore|iPhoneSimulator.Build.0 = Release|Any CPU
		{14EF245B-E290-401E-8ACE-26D946D86CDB}.AppStore|x64.ActiveCfg = Release|Any CPU
		{14EF245B-E290-401E-8ACE-26D946D86CDB}.AppStore|x64.Build.0 = Release|Any CPU
		{14EF245B-E290-401E-8ACE-26D946D86CDB}.AppStore|x86.ActiveCfg = Release|Any CPU
		{14EF245B-E290-401E-8ACE-26D946D86CDB}.AppStore|x86.Build.0 = Release|Any CPU
		{14EF245B-E290-401E-8ACE-26D946D86CDB}.Debug|Any CPU.ActiveCfg = Debug|Any CPU
		{14EF245B-E290-401E-8ACE-26D946D86CDB}.Debug|Any CPU.Build.0 = Debug|Any CPU
		{14EF245B-E290-401E-8ACE-26D946D86CDB}.Debug|ARM.ActiveCfg = Debug|Any CPU
		{14EF245B-E290-401E-8ACE-26D946D86CDB}.Debug|ARM.Build.0 = Debug|Any CPU
		{14EF245B-E290-401E-8ACE-26D946D86CDB}.Debug|iPhone.ActiveCfg = Debug|Any CPU
		{14EF245B-E290-401E-8ACE-26D946D86CDB}.Debug|iPhone.Build.0 = Debug|Any CPU
		{14EF245B-E290-401E-8ACE-26D946D86CDB}.Debug|iPhoneSimulator.ActiveCfg = Debug|Any CPU
		{14EF245B-E290-401E-8ACE-26D946D86CDB}.Debug|iPhoneSimulator.Build.0 = Debug|Any CPU
		{14EF245B-E290-401E-8ACE-26D946D86CDB}.Debug|x64.ActiveCfg = Debug|Any CPU
		{14EF245B-E290-401E-8ACE-26D946D86CDB}.Debug|x64.Build.0 = Debug|Any CPU
		{14EF245B-E290-401E-8ACE-26D946D86CDB}.Debug|x86.ActiveCfg = Debug|Any CPU
		{14EF245B-E290-401E-8ACE-26D946D86CDB}.Debug|x86.Build.0 = Debug|Any CPU
		{14EF245B-E290-401E-8ACE-26D946D86CDB}.Release|Any CPU.ActiveCfg = Release|Any CPU
		{14EF245B-E290-401E-8ACE-26D946D86CDB}.Release|Any CPU.Build.0 = Release|Any CPU
		{14EF245B-E290-401E-8ACE-26D946D86CDB}.Release|ARM.ActiveCfg = Release|Any CPU
		{14EF245B-E290-401E-8ACE-26D946D86CDB}.Release|ARM.Build.0 = Release|Any CPU
		{14EF245B-E290-401E-8ACE-26D946D86CDB}.Release|iPhone.ActiveCfg = Release|Any CPU
		{14EF245B-E290-401E-8ACE-26D946D86CDB}.Release|iPhone.Build.0 = Release|Any CPU
		{14EF245B-E290-401E-8ACE-26D946D86CDB}.Release|iPhoneSimulator.ActiveCfg = Release|Any CPU
		{14EF245B-E290-401E-8ACE-26D946D86CDB}.Release|iPhoneSimulator.Build.0 = Release|Any CPU
		{14EF245B-E290-401E-8ACE-26D946D86CDB}.Release|x64.ActiveCfg = Release|Any CPU
		{14EF245B-E290-401E-8ACE-26D946D86CDB}.Release|x64.Build.0 = Release|Any CPU
		{14EF245B-E290-401E-8ACE-26D946D86CDB}.Release|x86.ActiveCfg = Release|Any CPU
		{14EF245B-E290-401E-8ACE-26D946D86CDB}.Release|x86.Build.0 = Release|Any CPU
		{6F12F382-3E59-4458-9899-E9EB544476C3}.Ad-Hoc|Any CPU.ActiveCfg = Debug|Any CPU
		{6F12F382-3E59-4458-9899-E9EB544476C3}.Ad-Hoc|Any CPU.Build.0 = Debug|Any CPU
		{6F12F382-3E59-4458-9899-E9EB544476C3}.Ad-Hoc|ARM.ActiveCfg = Debug|Any CPU
		{6F12F382-3E59-4458-9899-E9EB544476C3}.Ad-Hoc|ARM.Build.0 = Debug|Any CPU
		{6F12F382-3E59-4458-9899-E9EB544476C3}.Ad-Hoc|iPhone.ActiveCfg = Debug|Any CPU
		{6F12F382-3E59-4458-9899-E9EB544476C3}.Ad-Hoc|iPhone.Build.0 = Debug|Any CPU
		{6F12F382-3E59-4458-9899-E9EB544476C3}.Ad-Hoc|iPhoneSimulator.ActiveCfg = Debug|Any CPU
		{6F12F382-3E59-4458-9899-E9EB544476C3}.Ad-Hoc|iPhoneSimulator.Build.0 = Debug|Any CPU
		{6F12F382-3E59-4458-9899-E9EB544476C3}.Ad-Hoc|x64.ActiveCfg = Debug|Any CPU
		{6F12F382-3E59-4458-9899-E9EB544476C3}.Ad-Hoc|x64.Build.0 = Debug|Any CPU
		{6F12F382-3E59-4458-9899-E9EB544476C3}.Ad-Hoc|x86.ActiveCfg = Debug|Any CPU
		{6F12F382-3E59-4458-9899-E9EB544476C3}.Ad-Hoc|x86.Build.0 = Debug|Any CPU
		{6F12F382-3E59-4458-9899-E9EB544476C3}.AppStore|Any CPU.ActiveCfg = Debug|Any CPU
		{6F12F382-3E59-4458-9899-E9EB544476C3}.AppStore|Any CPU.Build.0 = Debug|Any CPU
		{6F12F382-3E59-4458-9899-E9EB544476C3}.AppStore|ARM.ActiveCfg = Debug|Any CPU
		{6F12F382-3E59-4458-9899-E9EB544476C3}.AppStore|ARM.Build.0 = Debug|Any CPU
		{6F12F382-3E59-4458-9899-E9EB544476C3}.AppStore|iPhone.ActiveCfg = Debug|Any CPU
		{6F12F382-3E59-4458-9899-E9EB544476C3}.AppStore|iPhone.Build.0 = Debug|Any CPU
		{6F12F382-3E59-4458-9899-E9EB544476C3}.AppStore|iPhoneSimulator.ActiveCfg = Debug|Any CPU
		{6F12F382-3E59-4458-9899-E9EB544476C3}.AppStore|iPhoneSimulator.Build.0 = Debug|Any CPU
		{6F12F382-3E59-4458-9899-E9EB544476C3}.AppStore|x64.ActiveCfg = Debug|Any CPU
		{6F12F382-3E59-4458-9899-E9EB544476C3}.AppStore|x64.Build.0 = Debug|Any CPU
		{6F12F382-3E59-4458-9899-E9EB544476C3}.AppStore|x86.ActiveCfg = Debug|Any CPU
		{6F12F382-3E59-4458-9899-E9EB544476C3}.AppStore|x86.Build.0 = Debug|Any CPU
		{6F12F382-3E59-4458-9899-E9EB544476C3}.Debug|Any CPU.ActiveCfg = Debug|Any CPU
		{6F12F382-3E59-4458-9899-E9EB544476C3}.Debug|Any CPU.Build.0 = Debug|Any CPU
		{6F12F382-3E59-4458-9899-E9EB544476C3}.Debug|ARM.ActiveCfg = Debug|Any CPU
		{6F12F382-3E59-4458-9899-E9EB544476C3}.Debug|ARM.Build.0 = Debug|Any CPU
		{6F12F382-3E59-4458-9899-E9EB544476C3}.Debug|iPhone.ActiveCfg = Debug|Any CPU
		{6F12F382-3E59-4458-9899-E9EB544476C3}.Debug|iPhone.Build.0 = Debug|Any CPU
		{6F12F382-3E59-4458-9899-E9EB544476C3}.Debug|iPhoneSimulator.ActiveCfg = Debug|Any CPU
		{6F12F382-3E59-4458-9899-E9EB544476C3}.Debug|iPhoneSimulator.Build.0 = Debug|Any CPU
		{6F12F382-3E59-4458-9899-E9EB544476C3}.Debug|x64.ActiveCfg = Debug|Any CPU
		{6F12F382-3E59-4458-9899-E9EB544476C3}.Debug|x64.Build.0 = Debug|Any CPU
		{6F12F382-3E59-4458-9899-E9EB544476C3}.Debug|x86.ActiveCfg = Debug|Any CPU
		{6F12F382-3E59-4458-9899-E9EB544476C3}.Debug|x86.Build.0 = Debug|Any CPU
		{6F12F382-3E59-4458-9899-E9EB544476C3}.Release|Any CPU.ActiveCfg = Release|Any CPU
		{6F12F382-3E59-4458-9899-E9EB544476C3}.Release|Any CPU.Build.0 = Release|Any CPU
		{6F12F382-3E59-4458-9899-E9EB544476C3}.Release|ARM.ActiveCfg = Release|Any CPU
		{6F12F382-3E59-4458-9899-E9EB544476C3}.Release|ARM.Build.0 = Release|Any CPU
		{6F12F382-3E59-4458-9899-E9EB544476C3}.Release|iPhone.ActiveCfg = Release|Any CPU
		{6F12F382-3E59-4458-9899-E9EB544476C3}.Release|iPhone.Build.0 = Release|Any CPU
		{6F12F382-3E59-4458-9899-E9EB544476C3}.Release|iPhoneSimulator.ActiveCfg = Release|Any CPU
		{6F12F382-3E59-4458-9899-E9EB544476C3}.Release|iPhoneSimulator.Build.0 = Release|Any CPU
		{6F12F382-3E59-4458-9899-E9EB544476C3}.Release|x64.ActiveCfg = Release|Any CPU
		{6F12F382-3E59-4458-9899-E9EB544476C3}.Release|x64.Build.0 = Release|Any CPU
		{6F12F382-3E59-4458-9899-E9EB544476C3}.Release|x86.ActiveCfg = Release|Any CPU
		{6F12F382-3E59-4458-9899-E9EB544476C3}.Release|x86.Build.0 = Release|Any CPU
	EndGlobalSection
	GlobalSection(SolutionProperties) = preSolution
		HideSolutionNode = FALSE
	EndGlobalSection
	GlobalSection(NestedProjects) = preSolution
		{EF5CFD08-FAB4-4819-9E68-33CB22F63826} = {3F027BA0-8F34-41F4-9852-85CA818C8EEB}
		{6F12F382-3E59-4458-9899-E9EB544476C3} = {3F027BA0-8F34-41F4-9852-85CA818C8EEB}
	EndGlobalSection
	GlobalSection(ExtensibilityGlobals) = postSolution
		SolutionGuid = {1F506773-7D86-4030-ACA6-199FF895054E}
	EndGlobalSection
EndGlobal
